
Microsoft Visual Studio Solution File, Format Version 12.00
# Visual Studio Version 17
VisualStudioVersion = 17.0.32014.148
MinimumVisualStudioVersion = 10.0.40219.1
Project("{2150E333-8FDC-42A3-9474-1A3956D46DE8}") = "0 - Client", "0 - Client", "{0A6DC105-33BC-46CB-A537-3528E75CC544}"
EndProject
Project("{2150E333-8FDC-42A3-9474-1A3956D46DE8}") = "1 - Core", "1 - Core", "{C788C724-DE1B-4AC5-97F1-0D6A8CD8498A}"
EndProject
Project("{2150E333-8FDC-42A3-9474-1A3956D46DE8}") = "2 - Adapter", "2 - Adapter", "{29F0E93E-C0A4-4A11-B085-5FCD19355E6A}"
EndProject
Project("{2150E333-8FDC-42A3-9474-1A3956D46DE8}") = "3 - Infra", "3 - Infra", "{DED8B4DB-87B3-4BDF-8E0B-B22A35439D82}"
EndProject
Project("{2150E333-8FDC-42A3-9474-1A3956D46DE8}") = "4 - Tests", "4 - Tests", "{10F74CE0-CB8C-46E6-A4CD-5F4548F5F3E3}"
EndProject
Project("{9A19103F-16F7-4668-BE54-9A1E7A4F7556}") = "MRQ.CryptoBot.Client", "0 - Client\MetaMask.Client\MRQ.CryptoBot.Client.csproj", "{3AF290E0-F1D1-4D97-9BCA-130E3D7A69C0}"
	ProjectSection(ProjectDependencies) = postProject
		{F442B014-8592-4ACB-A9EE-939601655FFE} = {F442B014-8592-4ACB-A9EE-939601655FFE}
	EndProjectSection
EndProject
Project("{9A19103F-16F7-4668-BE54-9A1E7A4F7556}") = "MRQ.CryptoBot.Orchestrator", "1 - Core\MetaMask.Application\MRQ.CryptoBot.Orchestrator.csproj", "{F442B014-8592-4ACB-A9EE-939601655FFE}"
	ProjectSection(ProjectDependencies) = postProject
		{B1F637A0-1F73-428B-893E-5FBC67AFECC1} = {B1F637A0-1F73-428B-893E-5FBC67AFECC1}
	EndProjectSection
EndProject
Project("{9A19103F-16F7-4668-BE54-9A1E7A4F7556}") = "MRQBot.Business", "1 - Core\MetaMask.Business\MRQBot.Business.csproj", "{B1F637A0-1F73-428B-893E-5FBC67AFECC1}"
	ProjectSection(ProjectDependencies) = postProject
		{06E9F6BE-4C3A-41C6-A9C6-5812B3084949} = {06E9F6BE-4C3A-41C6-A9C6-5812B3084949}
		{984B2ADC-25EE-45DF-9C0F-2ACE2563C9B9} = {984B2ADC-25EE-45DF-9C0F-2ACE2563C9B9}
	EndProjectSection
EndProject
Project("{9A19103F-16F7-4668-BE54-9A1E7A4F7556}") = "MRQ.CryptoBot.Domain", "1 - Core\MetaMask.Domain\MRQ.CryptoBot.Domain.csproj", "{984B2ADC-25EE-45DF-9C0F-2ACE2563C9B9}"
	ProjectSection(ProjectDependencies) = postProject
		{6C1BA05B-3C72-4441-B5D0-1C4196103AAB} = {6C1BA05B-3C72-4441-B5D0-1C4196103AAB}
	EndProjectSection
EndProject
Project("{9A19103F-16F7-4668-BE54-9A1E7A4F7556}") = "MRQ.CryptoBot.Shared", "1 - Core\MetaMask.Shared\MRQ.CryptoBot.Shared.csproj", "{6C1BA05B-3C72-4441-B5D0-1C4196103AAB}"
EndProject
Project("{9A19103F-16F7-4668-BE54-9A1E7A4F7556}") = "MRQ.CryptoBot.Integration", "2 - Adapter\MetaMask.Integration\MRQ.CryptoBot.Integration.csproj", "{06E9F6BE-4C3A-41C6-A9C6-5812B3084949}"
	ProjectSection(ProjectDependencies) = postProject
		{984B2ADC-25EE-45DF-9C0F-2ACE2563C9B9} = {984B2ADC-25EE-45DF-9C0F-2ACE2563C9B9}
	EndProjectSection
EndProject
Project("{2150E333-8FDC-42A3-9474-1A3956D46DE8}") = "5 - ToExternalLibrary", "5 - ToExternalLibrary", "{7646A788-CCF2-40FB-8589-DD12C6E5DC9A}"
EndProject
Project("{9A19103F-16F7-4668-BE54-9A1E7A4F7556}") = "MRQ.ReturnContent", "..\Library\MRQ.ReturnContent\MRQ.ReturnContent.csproj", "{EBDB054D-02EC-426E-83C6-70054BE180E8}"
EndProject
Project("{9A19103F-16F7-4668-BE54-9A1E7A4F7556}") = "MRQ.CryptoBot.Test", "4 - Tests\PancakeSwapAdapterTest\MRQ.CryptoBot.Test.csproj", "{11C92AF7-6BC2-403B-8B0E-431890755698}"
EndProject
Project("{9A19103F-16F7-4668-BE54-9A1E7A4F7556}") = "MRQ.CryptoBot.Infra", "3 - Infra\MetaMask.Infra\MRQ.CryptoBot.Infra.csproj", "{EED49072-05F9-456E-9002-E67248B20FA0}"
EndProject
Project("{FAE04EC0-301F-11D3-BF4B-00C04F79EFBC}") = "MRQ.CryptoBot.Repository", "2 - Adapter\MRQ.CryptoBot.Repository\MRQ.CryptoBot.Repository\MRQ.CryptoBot.Repository.csproj", "{A44EA7BB-ED6D-47CF-89C9-F16D2731B1BE}"
EndProject
Global
	GlobalSection(SolutionConfigurationPlatforms) = preSolution
		Debug|Any CPU = Debug|Any CPU
		Release|Any CPU = Release|Any CPU
	EndGlobalSection
	GlobalSection(ProjectConfigurationPlatforms) = postSolution
		{3AF290E0-F1D1-4D97-9BCA-130E3D7A69C0}.Debug|Any CPU.ActiveCfg = Debug|Any CPU
		{3AF290E0-F1D1-4D97-9BCA-130E3D7A69C0}.Debug|Any CPU.Build.0 = Debug|Any CPU
		{3AF290E0-F1D1-4D97-9BCA-130E3D7A69C0}.Release|Any CPU.ActiveCfg = Release|Any CPU
		{3AF290E0-F1D1-4D97-9BCA-130E3D7A69C0}.Release|Any CPU.Build.0 = Release|Any CPU
		{F442B014-8592-4ACB-A9EE-939601655FFE}.Debug|Any CPU.ActiveCfg = Debug|Any CPU
		{F442B014-8592-4ACB-A9EE-939601655FFE}.Debug|Any CPU.Build.0 = Debug|Any CPU
		{F442B014-8592-4ACB-A9EE-939601655FFE}.Release|Any CPU.ActiveCfg = Release|Any CPU
		{F442B014-8592-4ACB-A9EE-939601655FFE}.Release|Any CPU.Build.0 = Release|Any CPU
		{B1F637A0-1F73-428B-893E-5FBC67AFECC1}.Debug|Any CPU.ActiveCfg = Debug|Any CPU
		{B1F637A0-1F73-428B-893E-5FBC67AFECC1}.Debug|Any CPU.Build.0 = Debug|Any CPU
		{B1F637A0-1F73-428B-893E-5FBC67AFECC1}.Release|Any CPU.ActiveCfg = Release|Any CPU
		{B1F637A0-1F73-428B-893E-5FBC67AFECC1}.Release|Any CPU.Build.0 = Release|Any CPU
		{984B2ADC-25EE-45DF-9C0F-2ACE2563C9B9}.Debug|Any CPU.ActiveCfg = Debug|Any CPU
		{984B2ADC-25EE-45DF-9C0F-2ACE2563C9B9}.Debug|Any CPU.Build.0 = Debug|Any CPU
		{984B2ADC-25EE-45DF-9C0F-2ACE2563C9B9}.Release|Any CPU.ActiveCfg = Release|Any CPU
		{984B2ADC-25EE-45DF-9C0F-2ACE2563C9B9}.Release|Any CPU.Build.0 = Release|Any CPU
		{6C1BA05B-3C72-4441-B5D0-1C4196103AAB}.Debug|Any CPU.ActiveCfg = Debug|Any CPU
		{6C1BA05B-3C72-4441-B5D0-1C4196103AAB}.Debug|Any CPU.Build.0 = Debug|Any CPU
		{6C1BA05B-3C72-4441-B5D0-1C4196103AAB}.Release|Any CPU.ActiveCfg = Release|Any CPU
		{6C1BA05B-3C72-4441-B5D0-1C4196103AAB}.Release|Any CPU.Build.0 = Release|Any CPU
		{06E9F6BE-4C3A-41C6-A9C6-5812B3084949}.Debug|Any CPU.ActiveCfg = Debug|Any CPU
		{06E9F6BE-4C3A-41C6-A9C6-5812B3084949}.Debug|Any CPU.Build.0 = Debug|Any CPU
		{06E9F6BE-4C3A-41C6-A9C6-5812B3084949}.Release|Any CPU.ActiveCfg = Release|Any CPU
		{06E9F6BE-4C3A-41C6-A9C6-5812B3084949}.Release|Any CPU.Build.0 = Release|Any CPU
		{EBDB054D-02EC-426E-83C6-70054BE180E8}.Debug|Any CPU.ActiveCfg = Debug|Any CPU
		{EBDB054D-02EC-426E-83C6-70054BE180E8}.Debug|Any CPU.Build.0 = Debug|Any CPU
		{EBDB054D-02EC-426E-83C6-70054BE180E8}.Release|Any CPU.ActiveCfg = Release|Any CPU
		{EBDB054D-02EC-426E-83C6-70054BE180E8}.Release|Any CPU.Build.0 = Release|Any CPU
		{11C92AF7-6BC2-403B-8B0E-431890755698}.Debug|Any CPU.ActiveCfg = Debug|Any CPU
		{11C92AF7-6BC2-403B-8B0E-431890755698}.Debug|Any CPU.Build.0 = Debug|Any CPU
		{11C92AF7-6BC2-403B-8B0E-431890755698}.Release|Any CPU.ActiveCfg = Release|Any CPU
		{11C92AF7-6BC2-403B-8B0E-431890755698}.Release|Any CPU.Build.0 = Release|Any CPU
		{EED49072-05F9-456E-9002-E67248B20FA0}.Debug|Any CPU.ActiveCfg = Debug|Any CPU
		{EED49072-05F9-456E-9002-E67248B20FA0}.Debug|Any CPU.Build.0 = Debug|Any CPU
		{EED49072-05F9-456E-9002-E67248B20FA0}.Release|Any CPU.ActiveCfg = Release|Any CPU
		{EED49072-05F9-456E-9002-E67248B20FA0}.Release|Any CPU.Build.0 = Release|Any CPU
		{A44EA7BB-ED6D-47CF-89C9-F16D2731B1BE}.Debug|Any CPU.ActiveCfg = Debug|Any CPU
		{A44EA7BB-ED6D-47CF-89C9-F16D2731B1BE}.Debug|Any CPU.Build.0 = Debug|Any CPU
		{A44EA7BB-ED6D-47CF-89C9-F16D2731B1BE}.Release|Any CPU.ActiveCfg = Release|Any CPU
		{A44EA7BB-ED6D-47CF-89C9-F16D2731B1BE}.Release|Any CPU.Build.0 = Release|Any CPU
	EndGlobalSection
	GlobalSection(SolutionProperties) = preSolution
		HideSolutionNode = FALSE
	EndGlobalSection
	GlobalSection(NestedProjects) = preSolution
		{3AF290E0-F1D1-4D97-9BCA-130E3D7A69C0} = {0A6DC105-33BC-46CB-A537-3528E75CC544}
		{F442B014-8592-4ACB-A9EE-939601655FFE} = {C788C724-DE1B-4AC5-97F1-0D6A8CD8498A}
		{B1F637A0-1F73-428B-893E-5FBC67AFECC1} = {C788C724-DE1B-4AC5-97F1-0D6A8CD8498A}
		{984B2ADC-25EE-45DF-9C0F-2ACE2563C9B9} = {C788C724-DE1B-4AC5-97F1-0D6A8CD8498A}
		{6C1BA05B-3C72-4441-B5D0-1C4196103AAB} = {C788C724-DE1B-4AC5-97F1-0D6A8CD8498A}
		{06E9F6BE-4C3A-41C6-A9C6-5812B3084949} = {29F0E93E-C0A4-4A11-B085-5FCD19355E6A}
		{EBDB054D-02EC-426E-83C6-70054BE180E8} = {7646A788-CCF2-40FB-8589-DD12C6E5DC9A}
		{11C92AF7-6BC2-403B-8B0E-431890755698} = {10F74CE0-CB8C-46E6-A4CD-5F4548F5F3E3}
		{EED49072-05F9-456E-9002-E67248B20FA0} = {DED8B4DB-87B3-4BDF-8E0B-B22A35439D82}
		{A44EA7BB-ED6D-47CF-89C9-F16D2731B1BE} = {29F0E93E-C0A4-4A11-B085-5FCD19355E6A}
	EndGlobalSection
	GlobalSection(ExtensibilityGlobals) = postSolution
		SolutionGuid = {88C52A7A-06B3-425F-A64C-C7819FE1DF88}
	EndGlobalSection
EndGlobal
